
Microsoft Visual Studio Solution File, Format Version 12.00
# Visual Studio Version 16
VisualStudioVersion = 16.0.28803.452
MinimumVisualStudioVersion = 10.0.40219.1
Project("{FAE04EC0-301F-11D3-BF4B-00C04F79EFBC}") = "DockerRedisExample", "DockerRedisExample\DockerRedisExample.csproj", "{1A4D7FEE-7B94-48DE-B917-AD8A8678B3CD}"
EndProject
Global
	GlobalSection(SolutionConfigurationPlatforms) = preSolution
		Debug|Any CPU = Debug|Any CPU
		Release|Any CPU = Release|Any CPU
	EndGlobalSection
	GlobalSection(ProjectConfigurationPlatforms) = postSolution
		{1A4D7FEE-7B94-48DE-B917-AD8A8678B3CD}.Debug|Any CPU.ActiveCfg = Debug|Any CPU
		{1A4D7FEE-7B94-48DE-B917-AD8A8678B3CD}.Debug|Any CPU.Build.0 = Debug|Any CPU
		{1A4D7FEE-7B94-48DE-B917-AD8A8678B3CD}.Release|Any CPU.ActiveCfg = Release|Any CPU
		{1A4D7FEE-7B94-48DE-B917-AD8A8678B3CD}.Release|Any CPU.Build.0 = Release|Any CPU
	EndGlobalSection
	GlobalSection(SolutionProperties) = preSolution
		HideSolutionNode = FALSE
	EndGlobalSection
	GlobalSection(ExtensibilityGlobals) = postSolution
		SolutionGuid = {2C44CCA1-A338-4284-B9ED-36BF0736A21A}
	EndGlobalSection
EndGlobal
